
Microsoft Visual Studio Solution File, Format Version 12.00
# Visual Studio 15
VisualStudioVersion = 15.0.28307.136
MinimumVisualStudioVersion = 10.0.40219.1
Project("{9A19103F-16F7-4668-BE54-9A1E7A4F7556}") = "DFC.Swagger.Standard", "DFC.Swagger.Standard\DFC.Swagger.Standard.csproj", "{145F574F-025D-4670-AC19-6FDC7D00BB96}"
EndProject
Project("{9A19103F-16F7-4668-BE54-9A1E7A4F7556}") = "DFC.Swagger.Standard.Tests", "DFC.Swagger.Standard.Tests\DFC.Swagger.Standard.Tests.csproj", "{9A12853B-BCEC-4EEB-854C-BE4CC55C3FD8}"
EndProject
Global
	GlobalSection(SolutionConfigurationPlatforms) = preSolution
		Debug|Any CPU = Debug|Any CPU
		Release|Any CPU = Release|Any CPU
	EndGlobalSection
	GlobalSection(ProjectConfigurationPlatforms) = postSolution
		{145F574F-025D-4670-AC19-6FDC7D00BB96}.Debug|Any CPU.ActiveCfg = Debug|Any CPU
		{145F574F-025D-4670-AC19-6FDC7D00BB96}.Debug|Any CPU.Build.0 = Debug|Any CPU
		{145F574F-025D-4670-AC19-6FDC7D00BB96}.Release|Any CPU.ActiveCfg = Release|Any CPU
		{145F574F-025D-4670-AC19-6FDC7D00BB96}.Release|Any CPU.Build.0 = Release|Any CPU
		{9A12853B-BCEC-4EEB-854C-BE4CC55C3FD8}.Debug|Any CPU.ActiveCfg = Debug|Any CPU
		{9A12853B-BCEC-4EEB-854C-BE4CC55C3FD8}.Debug|Any CPU.Build.0 = Debug|Any CPU
		{9A12853B-BCEC-4EEB-854C-BE4CC55C3FD8}.Release|Any CPU.ActiveCfg = Release|Any CPU
		{9A12853B-BCEC-4EEB-854C-BE4CC55C3FD8}.Release|Any CPU.Build.0 = Release|Any CPU
	EndGlobalSection
	GlobalSection(SolutionProperties) = preSolution
		HideSolutionNode = FALSE
	EndGlobalSection
	GlobalSection(ExtensibilityGlobals) = postSolution
		SolutionGuid = {9C8A3DEA-DFD0-4CED-A8B6-9FB33DD4E1A8}
	EndGlobalSection
EndGlobal
